{
  "version": 4,
  "terraform_version": "1.5.7",
  "serial": 50,
  "lineage": "3fe15e14-035b-a8c0-81ef-688cfcd090e8",
  "outputs": {},
  "resources": [
    {
      "mode": "data",
      "type": "azurerm_resource_group",
      "name": "Marius_S_rg",
      "provider": "provider[\"registry.terraform.io/hashicorp/azurerm\"]",
      "instances": [
        {
          "schema_version": 0,
          "attributes": {
            "id": "/subscriptions/3a42b7ad-f305-4fa5-9a8a-9310a9c7f4ad/resourceGroups/Marius_S_rg",
            "location": "eastus",
            "name": "Marius_S_rg",
            "tags": {},
            "timeouts": null
          },
          "sensitive_attributes": []
        }
      ]
    },
    {
      "module": "module.cluster",
      "mode": "managed",
      "type": "azurerm_kubernetes_cluster",
      "name": "cluster",
      "provider": "module.cluster.provider[\"registry.terraform.io/hashicorp/azurerm\"]",
      "instances": [
        {
          "schema_version": 2,
          "attributes": {
            "aci_connector_linux": [],
            "api_server_authorized_ip_ranges": [],
            "auto_scaler_profile": [],
            "automatic_channel_upgrade": "",
            "azure_active_directory_role_based_access_control": [],
            "azure_policy_enabled": false,
            "default_node_pool": [
              {
                "enable_auto_scaling": false,
                "enable_host_encryption": false,
                "enable_node_public_ip": false,
                "fips_enabled": false,
                "kubelet_config": [],
                "kubelet_disk_type": "OS",
                "linux_os_config": [],
                "max_count": 0,
                "max_pods": 110,
                "min_count": 0,
                "name": "agentpool",
                "node_count": 2,
                "node_labels": {},
                "node_public_ip_prefix_id": "",
                "node_taints": [],
                "only_critical_addons_enabled": false,
                "orchestrator_version": "1.26.6",
                "os_disk_size_gb": 128,
                "os_disk_type": "Managed",
                "os_sku": "Ubuntu",
                "pod_subnet_id": "",
                "proximity_placement_group_id": "",
                "tags": {},
                "type": "VirtualMachineScaleSets",
                "ultra_ssd_enabled": false,
                "upgrade_settings": [],
                "vm_size": "Standard_DS2_v2",
                "vnet_subnet_id": "",
                "zones": []
              }
            ],
            "disk_encryption_set_id": "",
            "dns_prefix": "Marius-dns",
            "dns_prefix_private_cluster": "",
            "enable_pod_security_policy": false,
            "fqdn": "marius-dns-m76gsta8.hcp.eastus.azmk8s.io",
            "http_application_routing_enabled": false,
            "http_application_routing_zone_name": "",
            "http_proxy_config": [],
            "id": "/subscriptions/3a42b7ad-f305-4fa5-9a8a-9310a9c7f4ad/resourceGroups/Marius_S_rg/providers/Microsoft.ContainerService/managedClusters/Marius_KC",
            "identity": [
              {
                "identity_ids": [],
                "principal_id": "e047c91e-7963-422c-828d-538c96d141d6",
                "tenant_id": "025f275e-d826-4473-82b9-e40a4925777c",
                "type": "SystemAssigned"
              }
            ],
            "ingress_application_gateway": [],
            "key_vault_secrets_provider": [],
            "kube_admin_config": [],
            "kube_admin_config_raw": "",
            "kube_config": [
              {
                "client_certificate": "LS0tLS1CRUdJTiBDRVJUSUZJQ0FURS0tLS0tCk1JSUZIakNDQXdhZ0F3SUJBZ0lSQUs2eVMzQmg2NHRvRkp2TnI3alJrMkV3RFFZSktvWklodmNOQVFFTEJRQXcKRFRFTE1Ba0dBMVVFQXhNQ1kyRXdIaGNOTWpNeE1EQXhNVEEwT0RBMldoY05NalV4TURBeE1UQTFPREEyV2pBdwpNUmN3RlFZRFZRUUtFdzV6ZVhOMFpXMDZiV0Z6ZEdWeWN6RVZNQk1HQTFVRUF4TU1iV0Z6ZEdWeVkyeHBaVzUwCk1JSUNJakFOQmdrcWhraUc5dzBCQVFFRkFBT0NBZzhBTUlJQ0NnS0NBZ0VBczdmZklkQ29ERytHaGlUTnV6Tm0KMUV4SkdpcS9qa21ET3IzbjlxTVBNZ0dXeGhIUkZhUDdPK29ucHNHTUV0Q3RoQkRzY0xuenNYSHRLem5JV0JUcwp4TjE3dGJrNVlvWUJ2dHE1eTZ5TkNsZE9OOHk0d0FId25VaTh5ei94UnFUL2NsUm1XNk55MEZvVld5RitacnpTCmtBSnFRR01xZE42YzJsM2xtVzZvYkxkNlVYUDhGM1hQWHNnMXc3UHBYZ0ZnUWRQdTQwbVdyS2c0ZlprYjl5WDgKdTltUytORkxEN0JSTXc0UTgvUFoxeU51aWMzM3FmTjBWd2ZDS29DY1p6eXZ4ampaY0J5U1BaZEpzMG81S1dtQwowaTl5TXRMSUlZMXlmeG9yZ3JCWHhIUzdISEwrOFQ2YjVHSmJ1anV3MllQTVFlaXkzbm9PVVlBQlhRbjEyR0ZECmNqV2NHM0RkTFE5QlpERHUvSkpHMzhObWpXeXVCcFE0clhEWVAvMzk2UTI0dldaemdqZ1kxeTFIVGgybUxmcFcKQjM0SHpxeDJKSWdGRXhmQWpBYmtSMHJSTHdLRjZYMFBOVUJRc3ZVeEw1VFNLVmFjZ2tnUnphVURzR0pYR0FSSQpBbUx4bUFReHhjZHM4NVN1c1N2V3dNOVlHamcwbE1OZFVkaG42aEhxUjZXYXJqRUVvaUt1NGVnd2kvQkZ2VnpzCjRxeWhuZnhtTzNWcmR1dGkxSGJ6aEJSWUk3SUdSRjFIQkMwNlhRK2NxMXBNQlBlRHZEaG02Z3hPZ3ZCZCtJYnoKSzlsbVRDc3kvdWxNLzJWYW05dlNTNmZLUDRjRklMd2NCR0g0cDhiWEQ4TXFBVEYxUzJSeTFRYWpjbU1sZ2NJbgpJZWJoUG9PNkhSeGsyMFh2QWt1TlFLTUNBd0VBQWFOV01GUXdEZ1lEVlIwUEFRSC9CQVFEQWdXZ01CTUdBMVVkCkpRUU1NQW9HQ0NzR0FRVUZCd01DTUF3R0ExVWRFd0VCL3dRQ01BQXdId1lEVlIwakJCZ3dGb0FVdEVoK0ljK1UKaUZjbG91VE9jdm1qWFlrNlMwd3dEUVlKS29aSWh2Y05BUUVMQlFBRGdnSUJBSVdTNklFZDhqNmlLQ2xYby9maQo3U0pTUWh3QUVmZm9Wa21RZzZXYTVjOUpWd0pDYUkzWVM3L2l4cjlnMWIwWVVsR29iY1dQekV4U2xGQlZ6YmN0CkV4YmNkT1Z1cEtEdHF5ZWtFVE5vbjhlVWpVK01rNDJnNitMcElhMldUdDR2enVQcDRsdlBsSEtKLytrcHdhN08KN0VPZVZ5Q2lET1hXbzI2bEFxaGJJcnZDWHBoQjFVOUlRdmFTUjdrZFB4L01tRks2dFI2c0tDMFk2SW9ya0dJcApTOEpVRVdZaDBFeVFNaXpkUVN1U1BLUlZ3aEl6T3krUVQ3aXFkSXAxK2R1dytqWm0wVDM0SVpocExzQy9Sd2Y5ClFYNWtqTEVvbUVGb1pPOGJ1WVlwZHhLSjhmWks1V3lQaUltNG9pVXZWZVZob0ZuUjBuZWRySGlkUml3eVpqYVEKcVpkbmdzellVbjdtYm1ZZlF5TDJlQUtiR2F4bkNvMGlmeVJ4ZVJIT2QvYjZBYW5NTFlsaHhHQVBEZDhuSTNsQgpSaEpLNFkreHlQaVRUWmxPLy8zYlFaSWRpdjU1K3gralRhREVrNDVsZmVqb3QvcGQ2MUFMS0t2Z2MrZjhubGo4CmpNcURvYitCWEFMVFNIUU93cVU3N3ZQaFVtSHBKTFpXU01jVjhHZ2dTZE8zUTAyQkJGM1dCK25DUjVQTGZCaC8KWW4rZFQrTWMvNTNwRm5pU3AvZkxYbjJYUXNmbnp5NjBxZzJyb2d1Nlk1K2syYUhXKzNvZjFvQ3BwQVE3K2FnYwpsQWpGYVRCR21IU3RjM3VlNDVESnVkd09GSDhZS2RKK00rZG9ZVzFxT2wxNGppTzU2eDNnemYwa3hJdFRJcFZVCkpUVzZqRjMvQVQ3cHk2WTI0Tyt5Z0lxZQotLS0tLUVORCBDRVJUSUZJQ0FURS0tLS0tCg==",
                "client_key": "LS0tLS1CRUdJTiBSU0EgUFJJVkFURSBLRVktLS0tLQpNSUlKS0FJQkFBS0NBZ0VBczdmZklkQ29ERytHaGlUTnV6Tm0xRXhKR2lxL2prbURPcjNuOXFNUE1nR1d4aEhSCkZhUDdPK29ucHNHTUV0Q3RoQkRzY0xuenNYSHRLem5JV0JUc3hOMTd0Yms1WW9ZQnZ0cTV5NnlOQ2xkT044eTQKd0FId25VaTh5ei94UnFUL2NsUm1XNk55MEZvVld5RitacnpTa0FKcVFHTXFkTjZjMmwzbG1XNm9iTGQ2VVhQOApGM1hQWHNnMXc3UHBYZ0ZnUWRQdTQwbVdyS2c0ZlprYjl5WDh1OW1TK05GTEQ3QlJNdzRROC9QWjF5TnVpYzMzCnFmTjBWd2ZDS29DY1p6eXZ4ampaY0J5U1BaZEpzMG81S1dtQzBpOXlNdExJSVkxeWZ4b3JnckJYeEhTN0hITCsKOFQ2YjVHSmJ1anV3MllQTVFlaXkzbm9PVVlBQlhRbjEyR0ZEY2pXY0czRGRMUTlCWkREdS9KSkczOE5tald5dQpCcFE0clhEWVAvMzk2UTI0dldaemdqZ1kxeTFIVGgybUxmcFdCMzRIenF4MkpJZ0ZFeGZBakFia1IwclJMd0tGCjZYMFBOVUJRc3ZVeEw1VFNLVmFjZ2tnUnphVURzR0pYR0FSSUFtTHhtQVF4eGNkczg1U3VzU3ZXd005WUdqZzAKbE1OZFVkaG42aEhxUjZXYXJqRUVvaUt1NGVnd2kvQkZ2VnpzNHF5aG5meG1PM1ZyZHV0aTFIYnpoQlJZSTdJRwpSRjFIQkMwNlhRK2NxMXBNQlBlRHZEaG02Z3hPZ3ZCZCtJYnpLOWxtVENzeS91bE0vMlZhbTl2U1M2ZktQNGNGCklMd2NCR0g0cDhiWEQ4TXFBVEYxUzJSeTFRYWpjbU1sZ2NJbkllYmhQb082SFJ4azIwWHZBa3VOUUtNQ0F3RUEKQVFLQ0FnQjI3RHBiM3Y0RTFKdlpFbXVNNzdPZzBpWWhpWjRlWXFqUzZ5MmUrRUdxM29CTjZ5WkhRcTZSOUIxdQo3RzVyV09rcEZpWFBaazFLNDArRXBnVGJ2R1Q4MUc3elRuRVpzQUZoc016M2FPUWZycXdVb29TeWtkWU56ajhYCjQrVWQwVHMwQllPQ0trTmtlZWZkMk9rU3hPbzAzMVE5N1NFQUd2c0NTTllRMUxmZzBQekEvNVlXVkIvMzRWWXEKZlZmMG04WjlhT2VRUVhiU0k3TFY4Y1llb21WK1RMaERyQU1XaTU3L3dOUVpDZ2pob3hHWFlOTDlCQnU5SjJZbAp4OXMzT1dJN01nMDRjYitYd0EvRjgxeWwrYXJXdVF6QmN0ZDUxR2Fxa3IrdUNGRGJzRDdNMFkvQVJhVFUyUDFICjNBM25zWjR0RXZXaDRIU3ZHNXhMVzdieUMxS2NHV0FuODkyVldiSGU3S0pkbDdzZ0s2aDhlL1VJWnI3cnhxMTkKNHdlYm82VWRiYjBpUm01UEtjdFZPMk52N0FxVnpFUXFDdmFYSHllMHE3a2ZJYklGVWxkdW9vTDJMaXhBWDRSaAphL3RVcFBpZlpIbWFKbDZxSGRZbGFUVnJ1alVlZ0pSVVBTNU5qcEN4ZHY5UXNxYnhjV3RGTTNsSFdkaFZ1RTVPCktDTnVtck5EWElOS3VhdXFaclVlcnRpVWVrcXpHYzRnTi9SMkRBRm5uZzUxSzNpRzFZbjREZGI3TnFEZnhkaDYKa01SRVRtRlo0aUVnRnRzbHcrRXlSN3NRaUdzOTFtTVJFUjljUmY2Zk1LNWpjRExhWmFxSUg5Qnk0N0R6M1hBNQpXU0RVcDFEUEVRNlM4RlNxTGpzZjlpOG1hZk8raXF6SkdBZGRwZGhuRVdpeDJBWTdBUUtDQVFFQXlsZUgrYUZ4CmFEWThKT2ZYUHJ5VmJuMUpOTzNjTkQ3cEVvRU05ampaOHQ3b3hPdmwwdXJyTlRMMW5jeGU4Qnl4Q3hkN1hiTmIKKzVlMk5ON0I5aGpzUVozazZxV0xHTlU2WWd4QkwycFFkZG1VNmFxdGhxQ05uVTRVVkoxbXp6dlVHTE1MdDFEVApYVDhSMzJ6T1pwNnpIV01ROGhZTmMvTE14QTNncFJkV3IrbUFMb0Qrajlzd3FBZjczdVF2VzhKYUxCYXc1TThBCkg2ZUlQWVFscGdGeE5YeWNPTlZSUW5aYktzb1YwRStSTkdBbGxUNW5wRzEvMytoS01FZ0F5Y3FTc1oweTFRTmcKL0VSNzFHWlBYeGY5YlFZV0cxTStEU01yYm1WdUkrTWxYa1RJVElGYnpDMWI3MExuRmZQWXkxNEpxRW9HS3dqYQpsVlJjaG95dkl6OWVnUUtDQVFFQTQyQjZZNlRIQ3pyVGhmajZIWElmcGNrb25MdG1USFBCOEZXc1NmUFV6ZWZGCjltNUgxZmR4d3lrK0Z5OU91S2JnYmRhMXc4cklGdkJPZXVydklGcWl2U1BwZHpWRTNaMkxYeW5EUTBkQktIR2sKK2pBMG5FV0k1U1VxUHR1ZnAxQ2VBNVJKTEU3ZFE4UW9LRlB4K2h0a3N1cEljMUVHVnFNdnN2ZlA4eWhSdzVUWQpMaE5GblREQ3BSWXdvM091WlVtbGF4LzN0aHZXMGZEQVBoeWZjZWJIZms2NENoVXVYTWdpUE1RRWNMd2FqVGRJCmdPaHJqQkFPTGVTY3RVTnREZXVabHFvRnVETGErVWJrRmd4WFo0MDFUem9TV1d2ZTJIdlBmSW5YS0ttNkJmRHoKRDdlVG9ZR1UwWjVLSEpsVkxqMEYzQmh2UHhhRENSWUEwdHFhNDBMVkl3S0NBUUFjMkpPeSs5Z09Fa1ZLd1o2RwovQjJWamRqazZkQU54clkxaEI1VDc5RHFkZXJiUUFJWXFwTHpsNXM2YnN0T0Vka1BpcjUwb2tCSHd0NGY5VzNUClpzUXZxcEhhL2RTeHFweFRKQW9hOTE0WEh2akN3eWxQMncyMVVrOUZyTmJlVGxvelZ6c2hYQzExeXFzQ25pRmkKc2RjNUprbGhLZEdyS1A4V0tDQlJpTjA3NE43OFFqbUlTcWhLSERGRkdtVENBUmdYMXZoSzlsTy9MNFFWdVFRaApBVzJoUVcySUVLa3YvMjJKMFJ1QkFnYmlYNTZjQXpTRlZYTDRlY1l4MGVJQzRwVTlLdnIzTVM4Zlo2ZjdwTVpGCitVYVF4MkJaYnVtV3Q5L1dNakdjZmlKeXFQMmhJb1B5dkxpeGlHa25VUWNrSHZqamZBSWJHbjBHOHVycDU1NkUKT09HQkFvSUJBUURPc3ZEdnptYW5uY1dXZjkwWGtaeVZnSVdyM1d4RXllS2ZFYkw2MDI4Nzg1dnh4eFVFdk5vdApPVHZacGNiaGM4cUg3Mnp6WFUrQ0V0aTFRd2M1R1V2aHQxalFacHVBLzJ3b2lYV1pucGZzSlV0OXFQN2FwUmVxCmY1dWs0dENETUhWRStiTi9WUDR1VVk3VUFtUHlJcDdyU3JHc0t4Y2hBVjRtU3NNKzRBTmNVZDRvSEpybkorRjYKWSs2NVdEdE1scU9LKzllYk5EbVlSa3pzNmVaRWpEQUVjWms2aVVESlZhSlNMVHVBSkcvYXVrdnQ2OXVBeTBPbwprcSttMUhHNSt0aDNyMzVka2RXZ1VNS2VESUFVZ2JqWm1nZitSR0tqMkFHcHpFRE5GV1luYW4vN1pMNFBUeFl6CmJMc2d2bjlCOW5WeVBNQTgwTUUwTEUxNVlRTDIzOVdUQW9JQkFFUEhZSXhjVW1Uc1FMYWJqOUoydGd2VUVkMWwKd0JSVkZxRDNyRjRva0pTMmlycXBzRUhpWkhYa2VXaW42RGVYMTg5R3h4cHdKdnBUWWo5eWYxTXJURVlid1puOQpHSDI5dEJHcTB6aE9EZVBFY1Z3SDF3dFBGaFRrczJYbVQwRG41STVmN2NwaG1qS1ZFcm5JR2tJbXNtbGJ4SG1MCk91OGNwT0kyRTNnc0Nsd2Q4YVcrQlNURFlpZWlleEFkeGpMeko1V3RScnA3RkRqcFIrZXBZZW5iUW4wWGxyN0sKakNYSWNqY3FkTXE2K2lXYjZwS0pFRzBlUUxQMERiZlBtMWFwcmJQeWgvRy9QaG9hZHo1OHBEV2hZd3JpRk9oZApQZld6WGJ0cUJ0YVJkcHZ0NUdrbTNDU0I1cE1iTjhvdW1iNk42MXZZOGo4MXJtSzZYMUxUMkFTS1ZvST0KLS0tLS1FTkQgUlNBIFBSSVZBVEUgS0VZLS0tLS0K",
                "cluster_ca_certificate": "LS0tLS1CRUdJTiBDRVJUSUZJQ0FURS0tLS0tCk1JSUU2RENDQXRDZ0F3SUJBZ0lRSmRGMzJhZ3k5YTJHdXRaTXA2L0RSekFOQmdrcWhraUc5dzBCQVFzRkFEQU4KTVFzd0NRWURWUVFERXdKallUQWdGdzB5TXpFd01ERXhNRFE0TURaYUdBOHlNRFV6TVRBd01URXdOVGd3TmxvdwpEVEVMTUFrR0ExVUVBeE1DWTJFd2dnSWlNQTBHQ1NxR1NJYjNEUUVCQVFVQUE0SUNEd0F3Z2dJS0FvSUNBUURmCnI3UUVhNFFSZWdmQytUK2dJMEFqTGZ3WUJ2Sk9GTHZnL282eHRJTlFnTmdndENZZklyNDRXbVFqWWlyUlErOSsKenVMSlVhVXkyUnhYQXRhajdoTnpPNlZmcTZzTys2UkIyYmlZWitoNURvdVBJc25FenBqWW01SXFYWTdaMElDWQpTRXhiMnFORFpUN2JsTStzVlc4dDVxT0lZR0JGaVpjYjVJNStCdXVja0lOTTJ0Sm5RU2hIU1hKOEtrRWtMakxVCk8wVTh5VndYZUtDTnRSVlJtNFRvRlJveWR6NElVSi85VWkvTzVWS2Zra3VEMFZyZkNiQnV6NENvWUlpS2Y5RisKK1M0NTltZWVqaEZwd3pBWmRDZGl0b0QzbDVkS0pNRWJCVFlTayt4a3JDZDhpb2hOUGtpTnpaOStadkpVcFdXRwprbHowZ3lGMFY4RU03VmVIZW4xWVlCY1puei9LMUlHWTdZUUZuRXZqdzNpUXN5SGRYaVNlZXJEbmZ4dlZ4NktSCmhhYy9zLzR4LzZDUUNHOFlCYWdTdHFxTW9odGNyZlVMQ0M0cjZ1MzlzMW14akhUOERha3N3ZHNYVkl2dlp2M3MKLzhkZVVrWnJSazR1MEIzOWlYVUZ5K09jdGwyMllwN0hCdDRyUXlmeVVCZFgrV1lRU3dvNVE3c0pGL1lVOWMwSAo5MEdyNEFmZVZ2a0N4emdzMjQ1cy9zOXJUNHoyOGppbG1TYmhJTDJQS002Z2tteHFPYkt0N0o0ZzVha3ZqNDRaCnRTVU5EVHkvZG5NcmovUUl1QmJPZGRxdmVsRDJlZlVab01TckVzdDgrMGZNQ1Rram5YdWcvdUZzbWJFZ2NFTUMKOVk0S3ZXd083cUE2TWkyZ0JNWGJVY3JwcHRYL0lWT2Q4WkdPaE5Hd2FRSURBUUFCbzBJd1FEQU9CZ05WSFE4QgpBZjhFQkFNQ0FxUXdEd1lEVlIwVEFRSC9CQVV3QXdFQi96QWRCZ05WSFE0RUZnUVV0RWgrSWMrVWlGY2xvdVRPCmN2bWpYWWs2UzB3d0RRWUpLb1pJaHZjTkFRRUxCUUFEZ2dJQkFJbERzbnBwTldvVmw5Ykh5SEQ3N0hyT3lEZU0KZVVsNjMvaVlGd1J3S0I2Q2xhU3c0YnpQZkNybkpFeUVnMnVLdTAzMkZUTDlPMlJDaVRTOXJhak80Q2R6QlBXeQpCUkIxRFFnZE8rSjIwYUZWSVRrWlBVVGpyci8vSUp6bDIrSWt0dHlMa0JURkp1ZldJUnhBSWFLbWw2Y05Kd2pGCmxNbE16dy85K2R1NXVOaytxRzUyUWc4K1pWZUs0Q1Y3NEoveGk2aDZvdGFpWDhUYkdFZUFKd1hUMjAwL0V0UmUKUE8wa05sVTduRVl6dlBYUmNWZytvTTQydFk5aU9ndVhrejJMbnh3ejlpUnd5Z09pM1o4a0wvR1dxTUVzZ1R5VAoydk9ZL2d1TW5EWjg0cWk5WFRNd3E0aCs0SlRCNWl2V0ZiN2RCOEZ5YmZQZmNxT0lZTndsSlR4RmxERHVDRkpCCnlQbmI4Um9IdWk1N1JjRGtKRzB3ZFNYOUJQV25PWDJ1c2tNZ0Y4clUrdXhTZTRSTHp6WXA5MzdyUEo4MGVjZCsKQllpWG93cXpOM3hHbGhtcVd4OGxvbExIUVRBQTdSUUJBYm12UjVGVlFTTEpGQjV3L2N2Z3pnVkV5UzBtUm1taQprUWhiM3orZWcrTU1LaDJEb25GSk9MQnFOYk96MWJaVXdlU1kwWFp0UUJGaHVYSlVlRXRVME0xSnJHWCs3d1k3CktDc0c3TGY0TFZrL1VpWFd5RlB4c1ZqZmhTVHZxT1YyOWt1emM2ZVpDWXgvVUVpR3RMazlJNjdZV1ZhbHlDNHoKa3hCQU4vNHYycEM0a0ZVUXR6dVhqZkJrekdGZEZ0Y2hXQ0o3cjhQUVlUWDJ6NVZneHh5bDJEaUZnbHF6cTR2ZwphMVZTVzhzYXJUdXhCYlFDCi0tLS0tRU5EIENFUlRJRklDQVRFLS0tLS0K",
                "host": "https://marius-dns-m76gsta8.hcp.eastus.azmk8s.io:443",
                "password": "6pvr2di3iwkfslwzom04k3jynl0j80zm9wyengqzsdf85zmwyk5d98dzanwaezle6q02vrpvt5wcddlv8el6immdxmkq5zann7z0ook7o0ze9zgcm2kmos2l49h3r86y",
                "username": "clusterUser_Marius_S_rg_Marius_KC"
              }
            ],
            "kube_config_raw": "apiVersion: v1\nclusters:\n- cluster:\n    certificate-authority-data: LS0tLS1CRUdJTiBDRVJUSUZJQ0FURS0tLS0tCk1JSUU2RENDQXRDZ0F3SUJBZ0lRSmRGMzJhZ3k5YTJHdXRaTXA2L0RSekFOQmdrcWhraUc5dzBCQVFzRkFEQU4KTVFzd0NRWURWUVFERXdKallUQWdGdzB5TXpFd01ERXhNRFE0TURaYUdBOHlNRFV6TVRBd01URXdOVGd3TmxvdwpEVEVMTUFrR0ExVUVBeE1DWTJFd2dnSWlNQTBHQ1NxR1NJYjNEUUVCQVFVQUE0SUNEd0F3Z2dJS0FvSUNBUURmCnI3UUVhNFFSZWdmQytUK2dJMEFqTGZ3WUJ2Sk9GTHZnL282eHRJTlFnTmdndENZZklyNDRXbVFqWWlyUlErOSsKenVMSlVhVXkyUnhYQXRhajdoTnpPNlZmcTZzTys2UkIyYmlZWitoNURvdVBJc25FenBqWW01SXFYWTdaMElDWQpTRXhiMnFORFpUN2JsTStzVlc4dDVxT0lZR0JGaVpjYjVJNStCdXVja0lOTTJ0Sm5RU2hIU1hKOEtrRWtMakxVCk8wVTh5VndYZUtDTnRSVlJtNFRvRlJveWR6NElVSi85VWkvTzVWS2Zra3VEMFZyZkNiQnV6NENvWUlpS2Y5RisKK1M0NTltZWVqaEZwd3pBWmRDZGl0b0QzbDVkS0pNRWJCVFlTayt4a3JDZDhpb2hOUGtpTnpaOStadkpVcFdXRwprbHowZ3lGMFY4RU03VmVIZW4xWVlCY1puei9LMUlHWTdZUUZuRXZqdzNpUXN5SGRYaVNlZXJEbmZ4dlZ4NktSCmhhYy9zLzR4LzZDUUNHOFlCYWdTdHFxTW9odGNyZlVMQ0M0cjZ1MzlzMW14akhUOERha3N3ZHNYVkl2dlp2M3MKLzhkZVVrWnJSazR1MEIzOWlYVUZ5K09jdGwyMllwN0hCdDRyUXlmeVVCZFgrV1lRU3dvNVE3c0pGL1lVOWMwSAo5MEdyNEFmZVZ2a0N4emdzMjQ1cy9zOXJUNHoyOGppbG1TYmhJTDJQS002Z2tteHFPYkt0N0o0ZzVha3ZqNDRaCnRTVU5EVHkvZG5NcmovUUl1QmJPZGRxdmVsRDJlZlVab01TckVzdDgrMGZNQ1Rram5YdWcvdUZzbWJFZ2NFTUMKOVk0S3ZXd083cUE2TWkyZ0JNWGJVY3JwcHRYL0lWT2Q4WkdPaE5Hd2FRSURBUUFCbzBJd1FEQU9CZ05WSFE4QgpBZjhFQkFNQ0FxUXdEd1lEVlIwVEFRSC9CQVV3QXdFQi96QWRCZ05WSFE0RUZnUVV0RWgrSWMrVWlGY2xvdVRPCmN2bWpYWWs2UzB3d0RRWUpLb1pJaHZjTkFRRUxCUUFEZ2dJQkFJbERzbnBwTldvVmw5Ykh5SEQ3N0hyT3lEZU0KZVVsNjMvaVlGd1J3S0I2Q2xhU3c0YnpQZkNybkpFeUVnMnVLdTAzMkZUTDlPMlJDaVRTOXJhak80Q2R6QlBXeQpCUkIxRFFnZE8rSjIwYUZWSVRrWlBVVGpyci8vSUp6bDIrSWt0dHlMa0JURkp1ZldJUnhBSWFLbWw2Y05Kd2pGCmxNbE16dy85K2R1NXVOaytxRzUyUWc4K1pWZUs0Q1Y3NEoveGk2aDZvdGFpWDhUYkdFZUFKd1hUMjAwL0V0UmUKUE8wa05sVTduRVl6dlBYUmNWZytvTTQydFk5aU9ndVhrejJMbnh3ejlpUnd5Z09pM1o4a0wvR1dxTUVzZ1R5VAoydk9ZL2d1TW5EWjg0cWk5WFRNd3E0aCs0SlRCNWl2V0ZiN2RCOEZ5YmZQZmNxT0lZTndsSlR4RmxERHVDRkpCCnlQbmI4Um9IdWk1N1JjRGtKRzB3ZFNYOUJQV25PWDJ1c2tNZ0Y4clUrdXhTZTRSTHp6WXA5MzdyUEo4MGVjZCsKQllpWG93cXpOM3hHbGhtcVd4OGxvbExIUVRBQTdSUUJBYm12UjVGVlFTTEpGQjV3L2N2Z3pnVkV5UzBtUm1taQprUWhiM3orZWcrTU1LaDJEb25GSk9MQnFOYk96MWJaVXdlU1kwWFp0UUJGaHVYSlVlRXRVME0xSnJHWCs3d1k3CktDc0c3TGY0TFZrL1VpWFd5RlB4c1ZqZmhTVHZxT1YyOWt1emM2ZVpDWXgvVUVpR3RMazlJNjdZV1ZhbHlDNHoKa3hCQU4vNHYycEM0a0ZVUXR6dVhqZkJrekdGZEZ0Y2hXQ0o3cjhQUVlUWDJ6NVZneHh5bDJEaUZnbHF6cTR2ZwphMVZTVzhzYXJUdXhCYlFDCi0tLS0tRU5EIENFUlRJRklDQVRFLS0tLS0K\n    server: https://marius-dns-m76gsta8.hcp.eastus.azmk8s.io:443\n  name: Marius_KC\ncontexts:\n- context:\n    cluster: Marius_KC\n    user: clusterUser_Marius_S_rg_Marius_KC\n  name: Marius_KC\ncurrent-context: Marius_KC\nkind: Config\npreferences: {}\nusers:\n- name: clusterUser_Marius_S_rg_Marius_KC\n  user:\n    client-certificate-data: LS0tLS1CRUdJTiBDRVJUSUZJQ0FURS0tLS0tCk1JSUZIakNDQXdhZ0F3SUJBZ0lSQUs2eVMzQmg2NHRvRkp2TnI3alJrMkV3RFFZSktvWklodmNOQVFFTEJRQXcKRFRFTE1Ba0dBMVVFQXhNQ1kyRXdIaGNOTWpNeE1EQXhNVEEwT0RBMldoY05NalV4TURBeE1UQTFPREEyV2pBdwpNUmN3RlFZRFZRUUtFdzV6ZVhOMFpXMDZiV0Z6ZEdWeWN6RVZNQk1HQTFVRUF4TU1iV0Z6ZEdWeVkyeHBaVzUwCk1JSUNJakFOQmdrcWhraUc5dzBCQVFFRkFBT0NBZzhBTUlJQ0NnS0NBZ0VBczdmZklkQ29ERytHaGlUTnV6Tm0KMUV4SkdpcS9qa21ET3IzbjlxTVBNZ0dXeGhIUkZhUDdPK29ucHNHTUV0Q3RoQkRzY0xuenNYSHRLem5JV0JUcwp4TjE3dGJrNVlvWUJ2dHE1eTZ5TkNsZE9OOHk0d0FId25VaTh5ei94UnFUL2NsUm1XNk55MEZvVld5RitacnpTCmtBSnFRR01xZE42YzJsM2xtVzZvYkxkNlVYUDhGM1hQWHNnMXc3UHBYZ0ZnUWRQdTQwbVdyS2c0ZlprYjl5WDgKdTltUytORkxEN0JSTXc0UTgvUFoxeU51aWMzM3FmTjBWd2ZDS29DY1p6eXZ4ampaY0J5U1BaZEpzMG81S1dtQwowaTl5TXRMSUlZMXlmeG9yZ3JCWHhIUzdISEwrOFQ2YjVHSmJ1anV3MllQTVFlaXkzbm9PVVlBQlhRbjEyR0ZECmNqV2NHM0RkTFE5QlpERHUvSkpHMzhObWpXeXVCcFE0clhEWVAvMzk2UTI0dldaemdqZ1kxeTFIVGgybUxmcFcKQjM0SHpxeDJKSWdGRXhmQWpBYmtSMHJSTHdLRjZYMFBOVUJRc3ZVeEw1VFNLVmFjZ2tnUnphVURzR0pYR0FSSQpBbUx4bUFReHhjZHM4NVN1c1N2V3dNOVlHamcwbE1OZFVkaG42aEhxUjZXYXJqRUVvaUt1NGVnd2kvQkZ2VnpzCjRxeWhuZnhtTzNWcmR1dGkxSGJ6aEJSWUk3SUdSRjFIQkMwNlhRK2NxMXBNQlBlRHZEaG02Z3hPZ3ZCZCtJYnoKSzlsbVRDc3kvdWxNLzJWYW05dlNTNmZLUDRjRklMd2NCR0g0cDhiWEQ4TXFBVEYxUzJSeTFRYWpjbU1sZ2NJbgpJZWJoUG9PNkhSeGsyMFh2QWt1TlFLTUNBd0VBQWFOV01GUXdEZ1lEVlIwUEFRSC9CQVFEQWdXZ01CTUdBMVVkCkpRUU1NQW9HQ0NzR0FRVUZCd01DTUF3R0ExVWRFd0VCL3dRQ01BQXdId1lEVlIwakJCZ3dGb0FVdEVoK0ljK1UKaUZjbG91VE9jdm1qWFlrNlMwd3dEUVlKS29aSWh2Y05BUUVMQlFBRGdnSUJBSVdTNklFZDhqNmlLQ2xYby9maQo3U0pTUWh3QUVmZm9Wa21RZzZXYTVjOUpWd0pDYUkzWVM3L2l4cjlnMWIwWVVsR29iY1dQekV4U2xGQlZ6YmN0CkV4YmNkT1Z1cEtEdHF5ZWtFVE5vbjhlVWpVK01rNDJnNitMcElhMldUdDR2enVQcDRsdlBsSEtKLytrcHdhN08KN0VPZVZ5Q2lET1hXbzI2bEFxaGJJcnZDWHBoQjFVOUlRdmFTUjdrZFB4L01tRks2dFI2c0tDMFk2SW9ya0dJcApTOEpVRVdZaDBFeVFNaXpkUVN1U1BLUlZ3aEl6T3krUVQ3aXFkSXAxK2R1dytqWm0wVDM0SVpocExzQy9Sd2Y5ClFYNWtqTEVvbUVGb1pPOGJ1WVlwZHhLSjhmWks1V3lQaUltNG9pVXZWZVZob0ZuUjBuZWRySGlkUml3eVpqYVEKcVpkbmdzellVbjdtYm1ZZlF5TDJlQUtiR2F4bkNvMGlmeVJ4ZVJIT2QvYjZBYW5NTFlsaHhHQVBEZDhuSTNsQgpSaEpLNFkreHlQaVRUWmxPLy8zYlFaSWRpdjU1K3gralRhREVrNDVsZmVqb3QvcGQ2MUFMS0t2Z2MrZjhubGo4CmpNcURvYitCWEFMVFNIUU93cVU3N3ZQaFVtSHBKTFpXU01jVjhHZ2dTZE8zUTAyQkJGM1dCK25DUjVQTGZCaC8KWW4rZFQrTWMvNTNwRm5pU3AvZkxYbjJYUXNmbnp5NjBxZzJyb2d1Nlk1K2syYUhXKzNvZjFvQ3BwQVE3K2FnYwpsQWpGYVRCR21IU3RjM3VlNDVESnVkd09GSDhZS2RKK00rZG9ZVzFxT2wxNGppTzU2eDNnemYwa3hJdFRJcFZVCkpUVzZqRjMvQVQ3cHk2WTI0Tyt5Z0lxZQotLS0tLUVORCBDRVJUSUZJQ0FURS0tLS0tCg==\n    client-key-data: LS0tLS1CRUdJTiBSU0EgUFJJVkFURSBLRVktLS0tLQpNSUlKS0FJQkFBS0NBZ0VBczdmZklkQ29ERytHaGlUTnV6Tm0xRXhKR2lxL2prbURPcjNuOXFNUE1nR1d4aEhSCkZhUDdPK29ucHNHTUV0Q3RoQkRzY0xuenNYSHRLem5JV0JUc3hOMTd0Yms1WW9ZQnZ0cTV5NnlOQ2xkT044eTQKd0FId25VaTh5ei94UnFUL2NsUm1XNk55MEZvVld5RitacnpTa0FKcVFHTXFkTjZjMmwzbG1XNm9iTGQ2VVhQOApGM1hQWHNnMXc3UHBYZ0ZnUWRQdTQwbVdyS2c0ZlprYjl5WDh1OW1TK05GTEQ3QlJNdzRROC9QWjF5TnVpYzMzCnFmTjBWd2ZDS29DY1p6eXZ4ampaY0J5U1BaZEpzMG81S1dtQzBpOXlNdExJSVkxeWZ4b3JnckJYeEhTN0hITCsKOFQ2YjVHSmJ1anV3MllQTVFlaXkzbm9PVVlBQlhRbjEyR0ZEY2pXY0czRGRMUTlCWkREdS9KSkczOE5tald5dQpCcFE0clhEWVAvMzk2UTI0dldaemdqZ1kxeTFIVGgybUxmcFdCMzRIenF4MkpJZ0ZFeGZBakFia1IwclJMd0tGCjZYMFBOVUJRc3ZVeEw1VFNLVmFjZ2tnUnphVURzR0pYR0FSSUFtTHhtQVF4eGNkczg1U3VzU3ZXd005WUdqZzAKbE1OZFVkaG42aEhxUjZXYXJqRUVvaUt1NGVnd2kvQkZ2VnpzNHF5aG5meG1PM1ZyZHV0aTFIYnpoQlJZSTdJRwpSRjFIQkMwNlhRK2NxMXBNQlBlRHZEaG02Z3hPZ3ZCZCtJYnpLOWxtVENzeS91bE0vMlZhbTl2U1M2ZktQNGNGCklMd2NCR0g0cDhiWEQ4TXFBVEYxUzJSeTFRYWpjbU1sZ2NJbkllYmhQb082SFJ4azIwWHZBa3VOUUtNQ0F3RUEKQVFLQ0FnQjI3RHBiM3Y0RTFKdlpFbXVNNzdPZzBpWWhpWjRlWXFqUzZ5MmUrRUdxM29CTjZ5WkhRcTZSOUIxdQo3RzVyV09rcEZpWFBaazFLNDArRXBnVGJ2R1Q4MUc3elRuRVpzQUZoc016M2FPUWZycXdVb29TeWtkWU56ajhYCjQrVWQwVHMwQllPQ0trTmtlZWZkMk9rU3hPbzAzMVE5N1NFQUd2c0NTTllRMUxmZzBQekEvNVlXVkIvMzRWWXEKZlZmMG04WjlhT2VRUVhiU0k3TFY4Y1llb21WK1RMaERyQU1XaTU3L3dOUVpDZ2pob3hHWFlOTDlCQnU5SjJZbAp4OXMzT1dJN01nMDRjYitYd0EvRjgxeWwrYXJXdVF6QmN0ZDUxR2Fxa3IrdUNGRGJzRDdNMFkvQVJhVFUyUDFICjNBM25zWjR0RXZXaDRIU3ZHNXhMVzdieUMxS2NHV0FuODkyVldiSGU3S0pkbDdzZ0s2aDhlL1VJWnI3cnhxMTkKNHdlYm82VWRiYjBpUm01UEtjdFZPMk52N0FxVnpFUXFDdmFYSHllMHE3a2ZJYklGVWxkdW9vTDJMaXhBWDRSaAphL3RVcFBpZlpIbWFKbDZxSGRZbGFUVnJ1alVlZ0pSVVBTNU5qcEN4ZHY5UXNxYnhjV3RGTTNsSFdkaFZ1RTVPCktDTnVtck5EWElOS3VhdXFaclVlcnRpVWVrcXpHYzRnTi9SMkRBRm5uZzUxSzNpRzFZbjREZGI3TnFEZnhkaDYKa01SRVRtRlo0aUVnRnRzbHcrRXlSN3NRaUdzOTFtTVJFUjljUmY2Zk1LNWpjRExhWmFxSUg5Qnk0N0R6M1hBNQpXU0RVcDFEUEVRNlM4RlNxTGpzZjlpOG1hZk8raXF6SkdBZGRwZGhuRVdpeDJBWTdBUUtDQVFFQXlsZUgrYUZ4CmFEWThKT2ZYUHJ5VmJuMUpOTzNjTkQ3cEVvRU05ampaOHQ3b3hPdmwwdXJyTlRMMW5jeGU4Qnl4Q3hkN1hiTmIKKzVlMk5ON0I5aGpzUVozazZxV0xHTlU2WWd4QkwycFFkZG1VNmFxdGhxQ05uVTRVVkoxbXp6dlVHTE1MdDFEVApYVDhSMzJ6T1pwNnpIV01ROGhZTmMvTE14QTNncFJkV3IrbUFMb0Qrajlzd3FBZjczdVF2VzhKYUxCYXc1TThBCkg2ZUlQWVFscGdGeE5YeWNPTlZSUW5aYktzb1YwRStSTkdBbGxUNW5wRzEvMytoS01FZ0F5Y3FTc1oweTFRTmcKL0VSNzFHWlBYeGY5YlFZV0cxTStEU01yYm1WdUkrTWxYa1RJVElGYnpDMWI3MExuRmZQWXkxNEpxRW9HS3dqYQpsVlJjaG95dkl6OWVnUUtDQVFFQTQyQjZZNlRIQ3pyVGhmajZIWElmcGNrb25MdG1USFBCOEZXc1NmUFV6ZWZGCjltNUgxZmR4d3lrK0Z5OU91S2JnYmRhMXc4cklGdkJPZXVydklGcWl2U1BwZHpWRTNaMkxYeW5EUTBkQktIR2sKK2pBMG5FV0k1U1VxUHR1ZnAxQ2VBNVJKTEU3ZFE4UW9LRlB4K2h0a3N1cEljMUVHVnFNdnN2ZlA4eWhSdzVUWQpMaE5GblREQ3BSWXdvM091WlVtbGF4LzN0aHZXMGZEQVBoeWZjZWJIZms2NENoVXVYTWdpUE1RRWNMd2FqVGRJCmdPaHJqQkFPTGVTY3RVTnREZXVabHFvRnVETGErVWJrRmd4WFo0MDFUem9TV1d2ZTJIdlBmSW5YS0ttNkJmRHoKRDdlVG9ZR1UwWjVLSEpsVkxqMEYzQmh2UHhhRENSWUEwdHFhNDBMVkl3S0NBUUFjMkpPeSs5Z09Fa1ZLd1o2RwovQjJWamRqazZkQU54clkxaEI1VDc5RHFkZXJiUUFJWXFwTHpsNXM2YnN0T0Vka1BpcjUwb2tCSHd0NGY5VzNUClpzUXZxcEhhL2RTeHFweFRKQW9hOTE0WEh2akN3eWxQMncyMVVrOUZyTmJlVGxvelZ6c2hYQzExeXFzQ25pRmkKc2RjNUprbGhLZEdyS1A4V0tDQlJpTjA3NE43OFFqbUlTcWhLSERGRkdtVENBUmdYMXZoSzlsTy9MNFFWdVFRaApBVzJoUVcySUVLa3YvMjJKMFJ1QkFnYmlYNTZjQXpTRlZYTDRlY1l4MGVJQzRwVTlLdnIzTVM4Zlo2ZjdwTVpGCitVYVF4MkJaYnVtV3Q5L1dNakdjZmlKeXFQMmhJb1B5dkxpeGlHa25VUWNrSHZqamZBSWJHbjBHOHVycDU1NkUKT09HQkFvSUJBUURPc3ZEdnptYW5uY1dXZjkwWGtaeVZnSVdyM1d4RXllS2ZFYkw2MDI4Nzg1dnh4eFVFdk5vdApPVHZacGNiaGM4cUg3Mnp6WFUrQ0V0aTFRd2M1R1V2aHQxalFacHVBLzJ3b2lYV1pucGZzSlV0OXFQN2FwUmVxCmY1dWs0dENETUhWRStiTi9WUDR1VVk3VUFtUHlJcDdyU3JHc0t4Y2hBVjRtU3NNKzRBTmNVZDRvSEpybkorRjYKWSs2NVdEdE1scU9LKzllYk5EbVlSa3pzNmVaRWpEQUVjWms2aVVESlZhSlNMVHVBSkcvYXVrdnQ2OXVBeTBPbwprcSttMUhHNSt0aDNyMzVka2RXZ1VNS2VESUFVZ2JqWm1nZitSR0tqMkFHcHpFRE5GV1luYW4vN1pMNFBUeFl6CmJMc2d2bjlCOW5WeVBNQTgwTUUwTEUxNVlRTDIzOVdUQW9JQkFFUEhZSXhjVW1Uc1FMYWJqOUoydGd2VUVkMWwKd0JSVkZxRDNyRjRva0pTMmlycXBzRUhpWkhYa2VXaW42RGVYMTg5R3h4cHdKdnBUWWo5eWYxTXJURVlid1puOQpHSDI5dEJHcTB6aE9EZVBFY1Z3SDF3dFBGaFRrczJYbVQwRG41STVmN2NwaG1qS1ZFcm5JR2tJbXNtbGJ4SG1MCk91OGNwT0kyRTNnc0Nsd2Q4YVcrQlNURFlpZWlleEFkeGpMeko1V3RScnA3RkRqcFIrZXBZZW5iUW4wWGxyN0sKakNYSWNqY3FkTXE2K2lXYjZwS0pFRzBlUUxQMERiZlBtMWFwcmJQeWgvRy9QaG9hZHo1OHBEV2hZd3JpRk9oZApQZld6WGJ0cUJ0YVJkcHZ0NUdrbTNDU0I1cE1iTjhvdW1iNk42MXZZOGo4MXJtSzZYMUxUMkFTS1ZvST0KLS0tLS1FTkQgUlNBIFBSSVZBVEUgS0VZLS0tLS0K\n    token: 6pvr2di3iwkfslwzom04k3jynl0j80zm9wyengqzsdf85zmwyk5d98dzanwaezle6q02vrpvt5wcddlv8el6immdxmkq5zann7z0ook7o0ze9zgcm2kmos2l49h3r86y\n",
            "kubelet_identity": [
              {
                "client_id": "4cc2b6de-8c67-4949-88a5-2cc471d5c4f3",
                "object_id": "6560c2da-8652-4096-9814-3b9b097f08d0",
                "user_assigned_identity_id": "/subscriptions/3a42b7ad-f305-4fa5-9a8a-9310a9c7f4ad/resourceGroups/MC_Marius_S_rg_Marius_KC_eastus/providers/Microsoft.ManagedIdentity/userAssignedIdentities/Marius_KC-agentpool"
              }
            ],
            "kubernetes_version": "1.26.6",
            "linux_profile": [],
            "local_account_disabled": false,
            "location": "eastus",
            "maintenance_window": [],
            "name": "Marius_KC",
            "network_profile": [
              {
                "dns_service_ip": "10.0.0.10",
                "docker_bridge_cidr": "172.17.0.1/16",
                "load_balancer_profile": [
                  {
                    "effective_outbound_ips": [
                      "/subscriptions/3a42b7ad-f305-4fa5-9a8a-9310a9c7f4ad/resourceGroups/MC_Marius_S_rg_Marius_KC_eastus/providers/Microsoft.Network/publicIPAddresses/f914a43a-a8fa-4801-8c38-e2f1d0007c57"
                    ],
                    "idle_timeout_in_minutes": 0,
                    "managed_outbound_ip_count": 1,
                    "outbound_ip_address_ids": [],
                    "outbound_ip_prefix_ids": [],
                    "outbound_ports_allocated": 0
                  }
                ],
                "load_balancer_sku": "standard",
                "nat_gateway_profile": [],
                "network_mode": "",
                "network_plugin": "kubenet",
                "network_policy": "",
                "outbound_type": "loadBalancer",
                "pod_cidr": "10.244.0.0/16",
                "service_cidr": "10.0.0.0/16"
              }
            ],
            "node_resource_group": "MC_Marius_S_rg_Marius_KC_eastus",
            "oms_agent": [],
            "open_service_mesh_enabled": false,
            "portal_fqdn": "marius-dns-m76gsta8.portal.hcp.eastus.azmk8s.io",
            "private_cluster_enabled": false,
            "private_cluster_public_fqdn_enabled": false,
            "private_dns_zone_id": "",
            "private_fqdn": "",
            "public_network_access_enabled": true,
            "resource_group_name": "Marius_S_rg",
            "role_based_access_control_enabled": true,
            "service_principal": [],
            "sku_tier": "Free",
            "tags": {},
            "timeouts": null,
            "windows_profile": []
          },
          "sensitive_attributes": [],
          "private": "eyJlMmJmYjczMC1lY2FhLTExZTYtOGY4OC0zNDM2M2JjN2M0YzAiOnsiY3JlYXRlIjo1NDAwMDAwMDAwMDAwLCJkZWxldGUiOjU0MDAwMDAwMDAwMDAsInJlYWQiOjMwMDAwMDAwMDAwMCwidXBkYXRlIjo1NDAwMDAwMDAwMDAwfSwic2NoZW1hX3ZlcnNpb24iOiIyIn0=",
          "dependencies": [
            "data.azurerm_resource_group.Marius_S_rg"
          ]
        }
      ]
    },
    {
      "module": "module.k8s",
      "mode": "managed",
      "type": "kubernetes_deployment",
      "name": "app_dep",
      "provider": "module.k8s.provider[\"registry.terraform.io/hashicorp/kubernetes\"]",
      "instances": [
        {
          "schema_version": 1,
          "attributes": {
            "id": "default/app",
            "metadata": [
              {
                "annotations": {},
                "generate_name": "",
                "generation": 2,
                "labels": {},
                "name": "app",
                "namespace": "default",
                "resource_version": "6631",
                "uid": "5f26f389-48e9-441c-b2c4-ca5910cac9b7"
              }
            ],
            "spec": [
              {
                "min_ready_seconds": 0,
                "paused": false,
                "progress_deadline_seconds": 600,
                "replicas": "2",
                "revision_history_limit": 10,
                "selector": [
                  {
                    "match_expressions": [],
                    "match_labels": {
                      "app": "app"
                    }
                  }
                ],
                "strategy": [
                  {
                    "rolling_update": [
                      {
                        "max_surge": "25%",
                        "max_unavailable": "25%"
                      }
                    ],
                    "type": "RollingUpdate"
                  }
                ],
                "template": [
                  {
                    "metadata": [
                      {
                        "annotations": {},
                        "generate_name": "",
                        "generation": 0,
                        "labels": {
                          "app": "app"
                        },
                        "name": "",
                        "namespace": "",
                        "resource_version": "",
                        "uid": ""
                      }
                    ],
                    "spec": [
                      {
                        "active_deadline_seconds": 0,
                        "affinity": [],
                        "automount_service_account_token": true,
                        "container": [
                          {
                            "args": [],
                            "command": [],
                            "env": [
                              {
                                "name": "TODO_MONGO_CONNSTR",
                                "value": "mongodb://mongodb:27017",
                                "value_from": []
                              },
                              {
                                "name": "TODO_MONGO_DB",
                                "value": "todoDb",
                                "value_from": []
                              }
                            ],
                            "env_from": [],
                            "image": "mariozas/nodejs-app",
                            "image_pull_policy": "Always",
                            "lifecycle": [],
                            "liveness_probe": [],
                            "name": "app",
                            "port": [
                              {
                                "container_port": 3000,
                                "host_ip": "",
                                "host_port": 0,
                                "name": "app-port",
                                "protocol": "TCP"
                              }
                            ],
                            "readiness_probe": [],
                            "resources": [
                              {
                                "limits": {},
                                "requests": {}
                              }
                            ],
                            "security_context": [],
                            "startup_probe": [],
                            "stdin": false,
                            "stdin_once": false,
                            "termination_message_path": "/dev/termination-log",
                            "termination_message_policy": "File",
                            "tty": false,
                            "volume_mount": [],
                            "working_dir": ""
                          }
                        ],
                        "dns_config": [],
                        "dns_policy": "ClusterFirst",
                        "enable_service_links": true,
                        "host_aliases": [],
                        "host_ipc": false,
                        "host_network": false,
                        "host_pid": false,
                        "hostname": "",
                        "image_pull_secrets": [],
                        "init_container": [
                          {
                            "args": null,
                            "command": [
                              "sh",
                              "-c",
                              "until nslookup mongodb; do echo waiting for mongodb; sleep 2; done"
                            ],
                            "env": [],
                            "env_from": [],
                            "image": "busybox:1.28.4",
                            "image_pull_policy": "IfNotPresent",
                            "lifecycle": [],
                            "liveness_probe": [],
                            "name": "init-app",
                            "port": [],
                            "readiness_probe": [],
                            "resources": [
                              {
                                "limits": {},
                                "requests": {}
                              }
                            ],
                            "security_context": [],
                            "startup_probe": [],
                            "stdin": false,
                            "stdin_once": false,
                            "termination_message_path": "/dev/termination-log",
                            "termination_message_policy": "File",
                            "tty": false,
                            "volume_mount": [],
                            "working_dir": ""
                          }
                        ],
                        "node_name": "",
                        "node_selector": {},
                        "priority_class_name": "",
                        "readiness_gate": [],
                        "restart_policy": "Always",
                        "runtime_class_name": "",
                        "scheduler_name": "default-scheduler",
                        "security_context": [],
                        "service_account_name": "",
                        "share_process_namespace": false,
                        "subdomain": "",
                        "termination_grace_period_seconds": 30,
                        "toleration": [],
                        "topology_spread_constraint": [],
                        "volume": []
                      }
                    ]
                  }
                ]
              }
            ],
            "timeouts": null,
            "wait_for_rollout": true
          },
          "sensitive_attributes": [],
          "private": "eyJlMmJmYjczMC1lY2FhLTExZTYtOGY4OC0zNDM2M2JjN2M0YzAiOnsiY3JlYXRlIjo2MDAwMDAwMDAwMDAsImRlbGV0ZSI6NjAwMDAwMDAwMDAwLCJ1cGRhdGUiOjYwMDAwMDAwMDAwMH0sInNjaGVtYV92ZXJzaW9uIjoiMSJ9",
          "dependencies": [
            "module.cluster.azurerm_kubernetes_cluster.cluster"
          ]
        }
      ]
    },
    {
      "module": "module.k8s",
      "mode": "managed",
      "type": "kubernetes_deployment",
      "name": "db_dep",
      "provider": "module.k8s.provider[\"registry.terraform.io/hashicorp/kubernetes\"]",
      "instances": [
        {
          "schema_version": 1,
          "attributes": {
            "id": "default/db",
            "metadata": [
              {
                "annotations": null,
                "generate_name": "",
                "generation": 1,
                "labels": null,
                "name": "db",
                "namespace": "default",
                "resource_version": "6507",
                "uid": "8de9a3c5-13b2-466f-ad14-5d911f09f1fd"
              }
            ],
            "spec": [
              {
                "min_ready_seconds": 0,
                "paused": false,
                "progress_deadline_seconds": 600,
                "replicas": "2",
                "revision_history_limit": 10,
                "selector": [
                  {
                    "match_expressions": [],
                    "match_labels": {
                      "app": "db"
                    }
                  }
                ],
                "strategy": [
                  {
                    "rolling_update": [
                      {
                        "max_surge": "25%",
                        "max_unavailable": "25%"
                      }
                    ],
                    "type": "RollingUpdate"
                  }
                ],
                "template": [
                  {
                    "metadata": [
                      {
                        "annotations": null,
                        "generate_name": "",
                        "generation": 0,
                        "labels": {
                          "app": "db"
                        },
                        "name": "",
                        "namespace": "",
                        "resource_version": "",
                        "uid": ""
                      }
                    ],
                    "spec": [
                      {
                        "active_deadline_seconds": 0,
                        "affinity": [],
                        "automount_service_account_token": true,
                        "container": [
                          {
                            "args": null,
                            "command": null,
                            "env": [],
                            "env_from": [],
                            "image": "mongo",
                            "image_pull_policy": "Always",
                            "lifecycle": [],
                            "liveness_probe": [],
                            "name": "db",
                            "port": [
                              {
                                "container_port": 27017,
                                "host_ip": "",
                                "host_port": 0,
                                "name": "db-port",
                                "protocol": "TCP"
                              }
                            ],
                            "readiness_probe": [],
                            "resources": [
                              {
                                "limits": {},
                                "requests": {}
                              }
                            ],
                            "security_context": [],
                            "startup_probe": [],
                            "stdin": false,
                            "stdin_once": false,
                            "termination_message_path": "/dev/termination-log",
                            "termination_message_policy": "File",
                            "tty": false,
                            "volume_mount": [
                              {
                                "mount_path": "/data/db",
                                "mount_propagation": "None",
                                "name": "test-volume",
                                "read_only": false,
                                "sub_path": ""
                              }
                            ],
                            "working_dir": ""
                          }
                        ],
                        "dns_config": [],
                        "dns_policy": "ClusterFirst",
                        "enable_service_links": true,
                        "host_aliases": [],
                        "host_ipc": false,
                        "host_network": false,
                        "host_pid": false,
                        "hostname": "",
                        "image_pull_secrets": [],
                        "init_container": [],
                        "node_name": "",
                        "node_selector": null,
                        "priority_class_name": "",
                        "readiness_gate": [],
                        "restart_policy": "Always",
                        "runtime_class_name": "",
                        "scheduler_name": "default-scheduler",
                        "security_context": [],
                        "service_account_name": "",
                        "share_process_namespace": false,
                        "subdomain": "",
                        "termination_grace_period_seconds": 30,
                        "toleration": [],
                        "topology_spread_constraint": [],
                        "volume": [
                          {
                            "aws_elastic_block_store": [],
                            "azure_disk": [],
                            "azure_file": [],
                            "ceph_fs": [],
                            "cinder": [],
                            "config_map": [],
                            "csi": [],
                            "downward_api": [],
                            "empty_dir": [
                              {
                                "medium": "",
                                "size_limit": ""
                              }
                            ],
                            "ephemeral": [],
                            "fc": [],
                            "flex_volume": [],
                            "flocker": [],
                            "gce_persistent_disk": [],
                            "git_repo": [],
                            "glusterfs": [],
                            "host_path": [],
                            "iscsi": [],
                            "local": [],
                            "name": "test-volume",
                            "nfs": [],
                            "persistent_volume_claim": [],
                            "photon_persistent_disk": [],
                            "projected": [],
                            "quobyte": [],
                            "rbd": [],
                            "secret": [],
                            "vsphere_volume": []
                          }
                        ]
                      }
                    ]
                  }
                ]
              }
            ],
            "timeouts": null,
            "wait_for_rollout": true
          },
          "sensitive_attributes": [],
          "private": "eyJlMmJmYjczMC1lY2FhLTExZTYtOGY4OC0zNDM2M2JjN2M0YzAiOnsiY3JlYXRlIjo2MDAwMDAwMDAwMDAsImRlbGV0ZSI6NjAwMDAwMDAwMDAwLCJ1cGRhdGUiOjYwMDAwMDAwMDAwMH0sInNjaGVtYV92ZXJzaW9uIjoiMSJ9",
          "dependencies": [
            "module.cluster.azurerm_kubernetes_cluster.cluster"
          ]
        }
      ]
    },
    {
      "module": "module.k8s",
      "mode": "managed",
      "type": "kubernetes_deployment",
      "name": "web_dep",
      "provider": "module.k8s.provider[\"registry.terraform.io/hashicorp/kubernetes\"]",
      "instances": [
        {
          "schema_version": 1,
          "attributes": {
            "id": "default/web",
            "metadata": [
              {
                "annotations": null,
                "generate_name": "",
                "generation": 1,
                "labels": null,
                "name": "web",
                "namespace": "default",
                "resource_version": "6627",
                "uid": "a0762beb-c908-4429-bcfe-860a31679cc9"
              }
            ],
            "spec": [
              {
                "min_ready_seconds": 0,
                "paused": false,
                "progress_deadline_seconds": 600,
                "replicas": "2",
                "revision_history_limit": 10,
                "selector": [
                  {
                    "match_expressions": [],
                    "match_labels": {
                      "app": "web"
                    }
                  }
                ],
                "strategy": [
                  {
                    "rolling_update": [
                      {
                        "max_surge": "25%",
                        "max_unavailable": "25%"
                      }
                    ],
                    "type": "RollingUpdate"
                  }
                ],
                "template": [
                  {
                    "metadata": [
                      {
                        "annotations": null,
                        "generate_name": "",
                        "generation": 0,
                        "labels": {
                          "app": "web"
                        },
                        "name": "",
                        "namespace": "",
                        "resource_version": "",
                        "uid": ""
                      }
                    ],
                    "spec": [
                      {
                        "active_deadline_seconds": 0,
                        "affinity": [],
                        "automount_service_account_token": true,
                        "container": [
                          {
                            "args": null,
                            "command": null,
                            "env": [],
                            "env_from": [],
                            "image": "mariozas/web-nginx",
                            "image_pull_policy": "Always",
                            "lifecycle": [],
                            "liveness_probe": [],
                            "name": "app",
                            "port": [
                              {
                                "container_port": 80,
                                "host_ip": "",
                                "host_port": 0,
                                "name": "web-port",
                                "protocol": "TCP"
                              }
                            ],
                            "readiness_probe": [],
                            "resources": [
                              {
                                "limits": {},
                                "requests": {}
                              }
                            ],
                            "security_context": [],
                            "startup_probe": [],
                            "stdin": false,
                            "stdin_once": false,
                            "termination_message_path": "/dev/termination-log",
                            "termination_message_policy": "File",
                            "tty": false,
                            "volume_mount": [],
                            "working_dir": ""
                          }
                        ],
                        "dns_config": [],
                        "dns_policy": "ClusterFirst",
                        "enable_service_links": true,
                        "host_aliases": [],
                        "host_ipc": false,
                        "host_network": false,
                        "host_pid": false,
                        "hostname": "",
                        "image_pull_secrets": [],
                        "init_container": [
                          {
                            "args": null,
                            "command": [
                              "sh",
                              "-c",
                              "until nslookup app; do echo waiting for mongodb; sleep 2; done"
                            ],
                            "env": [],
                            "env_from": [],
                            "image": "busybox:1.28.4",
                            "image_pull_policy": "IfNotPresent",
                            "lifecycle": [],
                            "liveness_probe": [],
                            "name": "init-app",
                            "port": [],
                            "readiness_probe": [],
                            "resources": [
                              {
                                "limits": {},
                                "requests": {}
                              }
                            ],
                            "security_context": [],
                            "startup_probe": [],
                            "stdin": false,
                            "stdin_once": false,
                            "termination_message_path": "/dev/termination-log",
                            "termination_message_policy": "File",
                            "tty": false,
                            "volume_mount": [],
                            "working_dir": ""
                          }
                        ],
                        "node_name": "",
                        "node_selector": null,
                        "priority_class_name": "",
                        "readiness_gate": [],
                        "restart_policy": "Always",
                        "runtime_class_name": "",
                        "scheduler_name": "default-scheduler",
                        "security_context": [],
                        "service_account_name": "",
                        "share_process_namespace": false,
                        "subdomain": "",
                        "termination_grace_period_seconds": 30,
                        "toleration": [],
                        "topology_spread_constraint": [],
                        "volume": []
                      }
                    ]
                  }
                ]
              }
            ],
            "timeouts": null,
            "wait_for_rollout": true
          },
          "sensitive_attributes": [],
          "private": "eyJlMmJmYjczMC1lY2FhLTExZTYtOGY4OC0zNDM2M2JjN2M0YzAiOnsiY3JlYXRlIjo2MDAwMDAwMDAwMDAsImRlbGV0ZSI6NjAwMDAwMDAwMDAwLCJ1cGRhdGUiOjYwMDAwMDAwMDAwMH0sInNjaGVtYV92ZXJzaW9uIjoiMSJ9",
          "dependencies": [
            "module.cluster.azurerm_kubernetes_cluster.cluster"
          ]
        }
      ]
    },
    {
      "module": "module.k8s",
      "mode": "managed",
      "type": "kubernetes_service",
      "name": "app_srv",
      "provider": "module.k8s.provider[\"registry.terraform.io/hashicorp/kubernetes\"]",
      "instances": [
        {
          "schema_version": 1,
          "attributes": {
            "id": "default/app",
            "metadata": [
              {
                "annotations": null,
                "generate_name": "",
                "generation": 0,
                "labels": null,
                "name": "app",
                "namespace": "default",
                "resource_version": "6346",
                "uid": "2736f4ac-ee9a-49c1-ab69-c5c974e6a7ea"
              }
            ],
            "spec": [
              {
                "allocate_load_balancer_node_ports": true,
                "cluster_ip": "10.0.3.109",
                "cluster_ips": [
                  "10.0.3.109"
                ],
                "external_ips": null,
                "external_name": "",
                "external_traffic_policy": "",
                "health_check_node_port": 0,
                "internal_traffic_policy": "Cluster",
                "ip_families": [
                  "IPv4"
                ],
                "ip_family_policy": "SingleStack",
                "load_balancer_class": "",
                "load_balancer_ip": "",
                "load_balancer_source_ranges": null,
                "port": [
                  {
                    "app_protocol": "",
                    "name": "",
                    "node_port": 0,
                    "port": 3000,
                    "protocol": "TCP",
                    "target_port": "app-port"
                  }
                ],
                "publish_not_ready_addresses": false,
                "selector": {
                  "app": "app"
                },
                "session_affinity": "None",
                "session_affinity_config": [],
                "type": "ClusterIP"
              }
            ],
            "status": [
              {
                "load_balancer": [
                  {
                    "ingress": []
                  }
                ]
              }
            ],
            "timeouts": null,
            "wait_for_load_balancer": true
          },
          "sensitive_attributes": [],
          "private": "eyJlMmJmYjczMC1lY2FhLTExZTYtOGY4OC0zNDM2M2JjN2M0YzAiOnsiY3JlYXRlIjo2MDAwMDAwMDAwMDB9LCJzY2hlbWFfdmVyc2lvbiI6IjEifQ==",
          "dependencies": [
            "module.cluster.azurerm_kubernetes_cluster.cluster"
          ]
        }
      ]
    },
    {
      "module": "module.k8s",
      "mode": "managed",
      "type": "kubernetes_service",
      "name": "db_srv",
      "provider": "module.k8s.provider[\"registry.terraform.io/hashicorp/kubernetes\"]",
      "instances": [
        {
          "schema_version": 1,
          "attributes": {
            "id": "default/mongodb",
            "metadata": [
              {
                "annotations": null,
                "generate_name": "",
                "generation": 0,
                "labels": null,
                "name": "mongodb",
                "namespace": "default",
                "resource_version": "6349",
                "uid": "376159bf-ce68-4d19-ac56-8888b7c49a6e"
              }
            ],
            "spec": [
              {
                "allocate_load_balancer_node_ports": true,
                "cluster_ip": "10.0.83.88",
                "cluster_ips": [
                  "10.0.83.88"
                ],
                "external_ips": null,
                "external_name": "",
                "external_traffic_policy": "",
                "health_check_node_port": 0,
                "internal_traffic_policy": "Cluster",
                "ip_families": [
                  "IPv4"
                ],
                "ip_family_policy": "SingleStack",
                "load_balancer_class": "",
                "load_balancer_ip": "",
                "load_balancer_source_ranges": null,
                "port": [
                  {
                    "app_protocol": "",
                    "name": "",
                    "node_port": 0,
                    "port": 27017,
                    "protocol": "TCP",
                    "target_port": "db-port"
                  }
                ],
                "publish_not_ready_addresses": false,
                "selector": {
                  "app": "db"
                },
                "session_affinity": "None",
                "session_affinity_config": [],
                "type": "ClusterIP"
              }
            ],
            "status": [
              {
                "load_balancer": [
                  {
                    "ingress": []
                  }
                ]
              }
            ],
            "timeouts": null,
            "wait_for_load_balancer": true
          },
          "sensitive_attributes": [],
          "private": "eyJlMmJmYjczMC1lY2FhLTExZTYtOGY4OC0zNDM2M2JjN2M0YzAiOnsiY3JlYXRlIjo2MDAwMDAwMDAwMDB9LCJzY2hlbWFfdmVyc2lvbiI6IjEifQ==",
          "dependencies": [
            "module.cluster.azurerm_kubernetes_cluster.cluster"
          ]
        }
      ]
    },
    {
      "module": "module.k8s",
      "mode": "managed",
      "type": "kubernetes_service",
      "name": "web_srv",
      "provider": "module.k8s.provider[\"registry.terraform.io/hashicorp/kubernetes\"]",
      "instances": [
        {
          "schema_version": 1,
          "attributes": {
            "id": "default/web",
            "metadata": [
              {
                "annotations": null,
                "generate_name": "",
                "generation": 0,
                "labels": null,
                "name": "web",
                "namespace": "default",
                "resource_version": "6456",
                "uid": "e55e72e0-a9cd-49b4-8a10-036485337bb1"
              }
            ],
            "spec": [
              {
                "allocate_load_balancer_node_ports": true,
                "cluster_ip": "10.0.24.141",
                "cluster_ips": [
                  "10.0.24.141"
                ],
                "external_ips": null,
                "external_name": "",
                "external_traffic_policy": "Cluster",
                "health_check_node_port": 0,
                "internal_traffic_policy": "Cluster",
                "ip_families": [
                  "IPv4"
                ],
                "ip_family_policy": "SingleStack",
                "load_balancer_class": "",
                "load_balancer_ip": "",
                "load_balancer_source_ranges": null,
                "port": [
                  {
                    "app_protocol": "",
                    "name": "",
                    "node_port": 32076,
                    "port": 80,
                    "protocol": "TCP",
                    "target_port": "web-port"
                  }
                ],
                "publish_not_ready_addresses": false,
                "selector": {
                  "app": "web"
                },
                "session_affinity": "None",
                "session_affinity_config": [],
                "type": "LoadBalancer"
              }
            ],
            "status": [
              {
                "load_balancer": [
                  {
                    "ingress": [
                      {
                        "hostname": "",
                        "ip": "4.157.38.93"
                      }
                    ]
                  }
                ]
              }
            ],
            "timeouts": null,
            "wait_for_load_balancer": true
          },
          "sensitive_attributes": [],
          "private": "eyJlMmJmYjczMC1lY2FhLTExZTYtOGY4OC0zNDM2M2JjN2M0YzAiOnsiY3JlYXRlIjo2MDAwMDAwMDAwMDB9LCJzY2hlbWFfdmVyc2lvbiI6IjEifQ==",
          "dependencies": [
            "module.cluster.azurerm_kubernetes_cluster.cluster"
          ]
        }
      ]
    }
  ],
  "check_results": null
}
